
Microsoft Visual Studio Solution File, Format Version 12.00
# Visual Studio Version 16
VisualStudioVersion = 16.6.30114.105
MinimumVisualStudioVersion = 10.0.40219.1
Project("{FAE04EC0-301F-11D3-BF4B-00C04F79EFBC}") = "Lolc", "src\Lolc.csproj", "{AB4F9D7C-FA6E-4E32-83C9-5899B2F4A304}"
EndProject
Project("{FAE04EC0-301F-11D3-BF4B-00C04F79EFBC}") = "Lolc.Tests", "tests\Lolc.Tests.csproj", "{133E747B-F1F0-45C9-B8F6-148557125DDE}"
EndProject
Global
	GlobalSection(SolutionConfigurationPlatforms) = preSolution
		Debug|Any CPU = Debug|Any CPU
		Debug|x64 = Debug|x64
		Debug|x86 = Debug|x86
		Release|Any CPU = Release|Any CPU
		Release|x64 = Release|x64
		Release|x86 = Release|x86
	EndGlobalSection
	GlobalSection(SolutionProperties) = preSolution
		HideSolutionNode = FALSE
	EndGlobalSection
	GlobalSection(ProjectConfigurationPlatforms) = postSolution
		{AB4F9D7C-FA6E-4E32-83C9-5899B2F4A304}.Debug|Any CPU.ActiveCfg = Debug|Any CPU
		{AB4F9D7C-FA6E-4E32-83C9-5899B2F4A304}.Debug|Any CPU.Build.0 = Debug|Any CPU
		{AB4F9D7C-FA6E-4E32-83C9-5899B2F4A304}.Debug|x64.ActiveCfg = Debug|Any CPU
		{AB4F9D7C-FA6E-4E32-83C9-5899B2F4A304}.Debug|x64.Build.0 = Debug|Any CPU
		{AB4F9D7C-FA6E-4E32-83C9-5899B2F4A304}.Debug|x86.ActiveCfg = Debug|Any CPU
		{AB4F9D7C-FA6E-4E32-83C9-5899B2F4A304}.Debug|x86.Build.0 = Debug|Any CPU
		{AB4F9D7C-FA6E-4E32-83C9-5899B2F4A304}.Release|Any CPU.ActiveCfg = Release|Any CPU
		{AB4F9D7C-FA6E-4E32-83C9-5899B2F4A304}.Release|Any CPU.Build.0 = Release|Any CPU
		{AB4F9D7C-FA6E-4E32-83C9-5899B2F4A304}.Release|x64.ActiveCfg = Release|Any CPU
		{AB4F9D7C-FA6E-4E32-83C9-5899B2F4A304}.Release|x64.Build.0 = Release|Any CPU
		{AB4F9D7C-FA6E-4E32-83C9-5899B2F4A304}.Release|x86.ActiveCfg = Release|Any CPU
		{AB4F9D7C-FA6E-4E32-83C9-5899B2F4A304}.Release|x86.Build.0 = Release|Any CPU
		{133E747B-F1F0-45C9-B8F6-148557125DDE}.Debug|Any CPU.ActiveCfg = Debug|Any CPU
		{133E747B-F1F0-45C9-B8F6-148557125DDE}.Debug|Any CPU.Build.0 = Debug|Any CPU
		{133E747B-F1F0-45C9-B8F6-148557125DDE}.Debug|x64.ActiveCfg = Debug|Any CPU
		{133E747B-F1F0-45C9-B8F6-148557125DDE}.Debug|x64.Build.0 = Debug|Any CPU
		{133E747B-F1F0-45C9-B8F6-148557125DDE}.Debug|x86.ActiveCfg = Debug|Any CPU
		{133E747B-F1F0-45C9-B8F6-148557125DDE}.Debug|x86.Build.0 = Debug|Any CPU
		{133E747B-F1F0-45C9-B8F6-148557125DDE}.Release|Any CPU.ActiveCfg = Release|Any CPU
		{133E747B-F1F0-45C9-B8F6-148557125DDE}.Release|Any CPU.Build.0 = Release|Any CPU
		{133E747B-F1F0-45C9-B8F6-148557125DDE}.Release|x64.ActiveCfg = Release|Any CPU
		{133E747B-F1F0-45C9-B8F6-148557125DDE}.Release|x64.Build.0 = Release|Any CPU
		{133E747B-F1F0-45C9-B8F6-148557125DDE}.Release|x86.ActiveCfg = Release|Any CPU
		{133E747B-F1F0-45C9-B8F6-148557125DDE}.Release|x86.Build.0 = Release|Any CPU
	EndGlobalSection
EndGlobal
